{
  "lockfileVersion": 1,
  "configVersion": 1,
  "workspaces": {
    "": {
      "name": "ts-xml",
      "devDependencies": {
        "@types/bun": "^1.3.12",
        "@types/sax": "^1.2.7",
        "@types/xml2js": "^0.4.14",
        "better-dx": "^0.2.7",
        "fast-xml-parser": "^5.7.0",
        "mitata": "^1.0.34",
        "sax": "^1.6.0",
        "xml2js": "^0.6.2",
      },
    },
  },
  "packages": {
    "@nodable/entities": ["@nodable/entities@2.1.0", "", {}, "sha512-nyT7T3nbMyBI/lvr6L5TyWbFJAI9FTgVRakNoBqCD+PmID8DzFrrNdLLtHMwMszOtqZa8PAOV24ZqDnQrhQINA=="],

    "@stacksjs/bumpx": ["@stacksjs/bumpx@0.2.4", "", { "dependencies": { "@stacksjs/clapp": "^0.2.0", "@stacksjs/logsmith": "^0.2.1", "bunfig": "^0.15.6" }, "bin": { "bumpx": "dist/bin/cli.js" } }, "sha512-bt14GhW4QJKqmAgfTyjW0pDblDu+y6+DSX8xva1HnLk2GtLyQe0YXUs51dUvZBFgYVHcHEUijNoj2pivuwIcjQ=="],

    "@stacksjs/bunpress": ["@stacksjs/bunpress@0.1.1", "", { "dependencies": { "@stacksjs/ts-md": "^0.1.1" }, "optionalDependencies": { "@stacksjs/ts-cloud": "^0.1.7", "@stacksjs/ts-cloud-aws-types": "^0.1.7", "@stacksjs/ts-cloud-core": "^0.1.7", "@stacksjs/ts-cloud-types": "^0.1.7" }, "bin": { "bunpress": "./dist/bin/cli.js" } }, "sha512-hof1B0LBTWAWSWlp7+ya5JFlN9967wBNyFFmzp19tSWPFStOJRwbZ881uCrCs/iWRaj968sOrn+ELzrV01LZEg=="],

    "@stacksjs/clapp": ["@stacksjs/clapp@0.2.0", "", { "dependencies": { "mri": "^1.2.0", "wrap-ansi": "^9.0.0" }, "bin": { "clapp": "dist/bin/cli.js", "@stacksjs/clapp": "dist/bin/cli.js" } }, "sha512-dSqnbeZjXnQLLvVxC5NU7D9Vpjxc6cC9Bo2ZwaqjgruK7pbVoFCI0goc9Mtf/lfSTbTx6Uvv/mbY7+cOW/j3Og=="],

    "@stacksjs/clarity": ["@stacksjs/clarity@0.3.24", "", { "bin": { "clarity": "dist/bin/cli.js" } }, "sha512-QN21fT/9dovcuFTkni9LFHDzBpiBZ4Q//0a3vFJsckPiblNIu1RhwwePkkTK4j6Xu2DtVYGR60/9Scdrp6wRfw=="],

    "@stacksjs/dtsx": ["@stacksjs/dtsx@0.9.13", "", { "dependencies": { "@stacksjs/clapp": "^0.2.0" }, "peerDependencies": { "typescript": ">=5.9.3" }, "bin": { "dtsx": "./dist/bin/cli.js" } }, "sha512-2/UvcKgRYuuY70q1SOMp/7Tj2eXBg8SOV7dvWAndyVyyukZiczR4kPkSxI6eTdJDVpe4MfEL0pPNlpBBtKrhIw=="],

    "@stacksjs/gitlint": ["@stacksjs/gitlint@0.1.5", "", { "bin": { "gitlint": "dist/bin/cli.js" } }, "sha512-5nSr6PN8/cRPdIz9Cj65Dh12N9gR7BPtJzR3rnqhAgpm5q0ihjmVTTybFQqigMcYuRpt2qX4HenV7YXuFOYScw=="],

    "@stacksjs/logsmith": ["@stacksjs/logsmith@0.2.1", "", { "dependencies": { "@stacksjs/clapp": "^0.2.0", "bunfig": "^0.15.6", "pickier": "^0.1.7" }, "bin": { "logsmith": "dist/bin/cli.js", "@stacksjs/logsmith": "dist/bin/cli.js" } }, "sha512-JbAnn0dWZDEBjks7qRd/L0kWbsD3Qi0uSFmCPkEU9fH0+eP6Fdl7mtnok2oVDUaNitWu97OJZHlFe/MV2ilgnA=="],

    "@stacksjs/ts-cloud": ["@stacksjs/ts-cloud@0.1.14", "", { "dependencies": { "fast-xml-parser": "^5.4.2", "ts-cloud-aws-types": "0.1.14", "ts-cloud-core": "0.1.14", "ts-cloud-types": "0.1.14" }, "bin": { "cloud": "./dist/bin/cli.js" } }, "sha512-/uIJSR9QJm6WvaMxWx8OAC4kMdkamgpFiIG0J2+Qs+EPMoQXEJHI2wujhTrJFgwnf7ucuqd+qHU6Er4klEW8Cg=="],

    "@stacksjs/ts-cloud-aws-types": ["@stacksjs/ts-cloud-aws-types@0.1.9", "", {}, "sha512-eA6C+jTUl8/LJA3g9pqQdfirgHpjUjyH9hyRRk2hfQewXKuqr61BRQ6riVZm3+LGaFkyra1QlyZCStBrjGLBaA=="],

    "@stacksjs/ts-cloud-core": ["@stacksjs/ts-cloud-core@0.1.9", "", { "dependencies": { "@stacksjs/ts-cloud-aws-types": "0.1.9", "@stacksjs/ts-cloud-types": "0.1.9" } }, "sha512-9nitzYxEI709S4hUH8HcqkV5bJ/DGo8Dhn4RfPO8P4nvEpjecoP9ZqUxPxkSth7Ig9w4z/C9ArmHAnkSaFNNQw=="],

    "@stacksjs/ts-cloud-types": ["@stacksjs/ts-cloud-types@0.1.9", "", {}, "sha512-uBRtR/4CzSf2ZDDQ2vGM0ZSbxnxHaMkh/YLdSlXBhJuy30JMBKsos/CuHgBrL1W0CPETxwd9G+Bt7NQ7et6kkQ=="],

    "@stacksjs/ts-md": ["@stacksjs/ts-md@0.1.1", "", { "bin": { "md": "./bin/cli.ts" } }, "sha512-kvsSg7S3vHq65fnHIRggTLudN4n1sjkos86xLB62V6PVRa8iosYAmFKVDTGaJk+0MdsIoRwQbJ2vLWVcNQsgGw=="],

    "@types/bun": ["@types/bun@1.3.12", "", { "dependencies": { "bun-types": "1.3.12" } }, "sha512-DBv81elK+/VSwXHDlnH3Qduw+KxkTIWi7TXkAeh24zpi5l0B2kUg9Ga3tb4nJaPcOFswflgi/yAvMVBPrxMB+A=="],

    "@types/node": ["@types/node@25.4.0", "", { "dependencies": { "undici-types": "~7.18.0" } }, "sha512-9wLpoeWuBlcbBpOY3XmzSTG3oscB6xjBEEtn+pYXTfhyXhIxC5FsBer2KTopBlvKEiW9l13po9fq+SJY/5lkhw=="],

    "@types/sax": ["@types/sax@1.2.7", "", { "dependencies": { "@types/node": "*" } }, "sha512-rO73L89PJxeYM3s3pPPjiPgVVcymqU490g0YO5n5By0k2Erzj6tay/4lr1CHAAU4JyOWd1rpQ8bCf6cZfHU96A=="],

    "@types/xml2js": ["@types/xml2js@0.4.14", "", { "dependencies": { "@types/node": "*" } }, "sha512-4YnrRemBShWRO2QjvUin8ESA41rH+9nQGLUGZV/1IDhi3SL9OhdpNC/MrulTWuptXKwhx/aDxE7toV0f/ypIXQ=="],

    "ansi-regex": ["ansi-regex@6.2.2", "", {}, "sha512-Bq3SmSpyFHaWjPk8If9yc6svM8c56dB5BAtW4Qbw5jHTwwXXcTLoRMkpDJp6VL0XzlWaCHTXrkFURMYmD0sLqg=="],

    "ansi-styles": ["ansi-styles@6.2.3", "", {}, "sha512-4Dj6M28JB+oAH8kFkTLUo+a2jwOFkuqb3yucU0CANcRRUbxS0cP0nZYCGjcc3BNXwRIsUVmDGgzawme7zvJHvg=="],

    "better-dx": ["better-dx@0.2.7", "", { "peerDependencies": { "@stacksjs/bumpx": "^0.2.4", "@stacksjs/bunpress": "^0.1.1", "@stacksjs/clarity": "^0.3.24", "@stacksjs/gitlint": "^0.1.5", "@stacksjs/logsmith": "^0.2.1", "@types/bun": "^1.3.10", "buddy-bot": "^0.9.17", "bun-git-hooks": "^0.3.1", "bun-plugin-dtsx": "^0.9.13", "bunfig": "^0.15.6", "pickier": "^0.1.20", "ts-error-handling": "^0.1.1", "typescript": "^5.9.3" }, "bin": { "better-dx": "./dist/bin/cli.js", "dx": "./dist/bin/cli.js" } }, "sha512-J5Msp8jYKl4/YrTt/IWE32ZZg36/+M5klkAhSZb6Av5LGuFd7tylTerKq/8AwZxAYl9h8ZXV79Paygc+YjmCyw=="],

    "buddy-bot": ["buddy-bot@0.9.17", "", { "dependencies": { "bunfig": "^0.15.6", "prompts": "^2.4.2", "ts-pkgx": "^0.4.154" }, "bin": { "buddy-bot": "./dist/bin/cli.js" } }, "sha512-wAb6yviR5jLQ0DzgxuUa2P4MzPeaXgXiOPAfi25bprPaObGY+ja2FEzuCdfN8ahhYLTXKFL6aL5j5ne6wvAw+Q=="],

    "bun-git-hooks": ["bun-git-hooks@0.3.1", "", { "bin": { "git-hooks": "dist/bin/cli.js", "bun-git-hooks": "dist/bin/cli.js" } }, "sha512-Xs/QUqIYgBmLHSVr5VBLVbM5lZbUoAXKX2WZyoQDb2LlzcxC3BpBvMkMTQH75UuOJZwaRBq8yEe4IR6NckqdgQ=="],

    "bun-plugin-dtsx": ["bun-plugin-dtsx@0.9.13", "", { "dependencies": { "@stacksjs/dtsx": "0.9.13" } }, "sha512-CRiQ6uqrl8n2ZE8saZrZNYnSp+kMkAwHAUV+sf4io0IAxbZAOf+thO0miOs70urI3oCyp1DM/0K+4pitUeL90g=="],

    "bun-types": ["bun-types@1.3.12", "", { "dependencies": { "@types/node": "*" } }, "sha512-HqOLj5PoFajAQciOMRiIZGNoKxDJSr6qigAttOX40vJuSp6DN/CxWp9s3C1Xwm4oH7ybueITwiaOcWXoYVoRkA=="],

    "bunfig": ["bunfig@0.15.6", "", { "dependencies": { "@stacksjs/clapp": "^0.2.0", "@stacksjs/clarity": "^0.3.24" }, "bin": { "bunfig": "bin/cli.js" } }, "sha512-7ynPmrn1dN5F+0DtUVY0Vo2MZOOnSdb6hpQePwABEYIJ+d/rSb3vaOVUs3MFxwxWuaVc1FEStVJG6+kCgbLuyg=="],

    "emoji-regex": ["emoji-regex@10.6.0", "", {}, "sha512-toUI84YS5YmxW219erniWD0CIVOo46xGKColeNQRgOzDorgBi1v4D71/OFzgD9GO2UGKIv1C3Sp8DAn0+j5w7A=="],

    "fast-xml-builder": ["fast-xml-builder@1.1.5", "", { "dependencies": { "path-expression-matcher": "^1.1.3" } }, "sha512-4TJn/8FKLeslLAH3dnohXqE3QSoxkhvaMzepOIZytwJXZO69Bfz0HBdDHzOTOon6G59Zrk6VQ2bEiv1t61rfkA=="],

    "fast-xml-parser": ["fast-xml-parser@5.7.0", "", { "dependencies": { "@nodable/entities": "^2.1.0", "fast-xml-builder": "^1.1.5", "path-expression-matcher": "^1.5.0", "strnum": "^2.2.3" }, "bin": { "fxparser": "src/cli/cli.js" } }, "sha512-MTcrUoRQ1GSQ9iG3QJzBGquYYYeA7piZaJoIWbPFGbRn6Jj6z7xgoAyi4DrZX4y2ZIQQBF59gc/zmvvejjgoFQ=="],

    "fdir": ["fdir@6.5.0", "", { "peerDependencies": { "picomatch": "^3 || ^4" }, "optionalPeers": ["picomatch"] }, "sha512-tIbYtZbucOs0BRGqPJkshJUYdL+SDH7dVM8gjy+ERp3WAUjLEFJE+02kanyHtwjWOnwrKYBiwAmM0p4kLJAnXg=="],

    "get-east-asian-width": ["get-east-asian-width@1.5.0", "", {}, "sha512-CQ+bEO+Tva/qlmw24dCejulK5pMzVnUOFOijVogd3KQs07HnRIgp8TGipvCCRT06xeYEbpbgwaCxglFyiuIcmA=="],

    "kleur": ["kleur@3.0.3", "", {}, "sha512-eTIzlVOSUR+JxdDFepEYcBMtZ9Qqdef+rnzWdRZuMbOywu5tO2w2N7rqjoANZ5k9vywhL6Br1VRjUIgTQx4E8w=="],

    "mitata": ["mitata@1.0.34", "", {}, "sha512-Mc3zrtNBKIMeHSCQ0XqRLo1vbdIx1wvFV9c8NJAiyho6AjNfMY8bVhbS12bwciUdd1t4rj8099CH3N3NFahaUA=="],

    "mri": ["mri@1.2.0", "", {}, "sha512-tzzskb3bG8LvYGFF/mDTpq3jpI6Q9wc3LEmBaghu+DdCssd1FakN7Bc0hVNmEyGq1bq3RgfkCb3cmQLpNPOroA=="],

    "p-limit": ["p-limit@7.3.0", "", { "dependencies": { "yocto-queue": "^1.2.1" } }, "sha512-7cIXg/Z0M5WZRblrsOla88S4wAK+zOQQWeBYfV3qJuJXMr+LnbYjaadrFaS0JILfEDPVqHyKnZ1Z/1d6J9VVUw=="],

    "path-expression-matcher": ["path-expression-matcher@1.5.0", "", {}, "sha512-cbrerZV+6rvdQrrD+iGMcZFEiiSrbv9Tfdkvnusy6y0x0GKBXREFg/Y65GhIfm0tnLntThhzCnfKwp1WRjeCyQ=="],

    "pickier": ["pickier@0.1.20", "", { "dependencies": { "@stacksjs/clapp": "^0.2.0", "p-limit": "^7.2.0", "tinyglobby": "^0.2.15" }, "bin": { "pickier": "./dist/bin/cli.js" } }, "sha512-IC95MIW4hv4/b64HMQjv/VbtvTMUz2uX7qqqcJwaAg5fJecETSx/fZLVoFSeGAEtpzADW5n09BevV4XErNzgLg=="],

    "picomatch": ["picomatch@4.0.3", "", {}, "sha512-5gTmgEY/sqK6gFXLIsQNH19lWb4ebPDLA4SdLP7dsWkIXHWlG66oPuVvXSGFPppYZz8ZDZq0dYYrbHfBCVUb1Q=="],

    "prompts": ["prompts@2.4.2", "", { "dependencies": { "kleur": "^3.0.3", "sisteransi": "^1.0.5" } }, "sha512-NxNv/kLguCA7p3jE8oL2aEBsrJWgAakBpgmgK6lpPWV+WuOmY6r2/zbAVnP+T8bQlA0nzHXSJSJW0Hq7ylaD2Q=="],

    "sax": ["sax@1.6.0", "", {}, "sha512-6R3J5M4AcbtLUdZmRv2SygeVaM7IhrLXu9BmnOGmmACak8fiUtOsYNWUS4uK7upbmHIBbLBeFeI//477BKLBzA=="],

    "sisteransi": ["sisteransi@1.0.5", "", {}, "sha512-bLGGlR1QxBcynn2d5YmDX4MGjlZvy2MRBDRNHLJ8VI6l6+9FUiyTFNJ0IveOSP0bcXgVDPRcfGqA0pjaqUpfVg=="],

    "string-width": ["string-width@7.2.0", "", { "dependencies": { "emoji-regex": "^10.3.0", "get-east-asian-width": "^1.0.0", "strip-ansi": "^7.1.0" } }, "sha512-tsaTIkKW9b4N+AEj+SVA+WhJzV7/zMhcSu78mLKWSk7cXMOSHsBKFWUs0fWwq8QyK3MgJBQRX6Gbi4kYbdvGkQ=="],

    "strip-ansi": ["strip-ansi@7.2.0", "", { "dependencies": { "ansi-regex": "^6.2.2" } }, "sha512-yDPMNjp4WyfYBkHnjIRLfca1i6KMyGCtsVgoKe/z1+6vukgaENdgGBZt+ZmKPc4gavvEZ5OgHfHdrazhgNyG7w=="],

    "strnum": ["strnum@2.2.3", "", {}, "sha512-oKx6RUCuHfT3oyVjtnrmn19H1SiCqgJSg+54XqURKp5aCMbrXrhLjRN9TjuwMjiYstZ0MzDrHqkGZ5dFTKd+zg=="],

    "tinyglobby": ["tinyglobby@0.2.15", "", { "dependencies": { "fdir": "^6.5.0", "picomatch": "^4.0.3" } }, "sha512-j2Zq4NyQYG5XMST4cbs02Ak8iJUdxRM0XI5QyxXuZOzKOINmWurp3smXu3y5wDcJrptwpSjgXHzIQxR0omXljQ=="],

    "ts-cloud-aws-types": ["ts-cloud-aws-types@0.1.14", "", {}, "sha512-dnT0LYyrzS0qlcDLaq4L2NRRx1oisY0btrPtWIldRgvZQFKYwA3S3TTJ0496TJckNzHPen+6VXNcdp5RZulJ4Q=="],

    "ts-cloud-core": ["ts-cloud-core@0.1.14", "", { "dependencies": { "ts-cloud-aws-types": "0.1.14", "ts-cloud-types": "0.1.14" } }, "sha512-ycoW+k8JclmoKitrAUMBdYNe2jZBLWZY9F8pWfH6wH5JJWBADbPT+1fk/bMHyJ95MhoYOb/JCkFCBKnAsnmgmg=="],

    "ts-cloud-types": ["ts-cloud-types@0.1.14", "", {}, "sha512-lOqgwNvcF51JC3b0k+KG0JdkITcNlvAtoXy5kQPAcJSmtpm0m/1ptgrGGF+srgrqreiRvpGficP4e7U3/c7sww=="],

    "ts-error-handling": ["ts-error-handling@0.1.1", "", {}, "sha512-d4VqdX0bJ+jvOYNsY58isJgrEr806Q9cjef5+1UO/kIn1M/+YYSwpR6fqdRhn9XXVASJLSzNmcnBSdl0fRCjDg=="],

    "ts-pkgx": ["ts-pkgx@0.4.154", "", { "dependencies": { "ts-web-scraper": "^0.1.1" }, "bin": { "ts-pkgx": "dist/bin/cli.js" } }, "sha512-ScxXuLzVvgm1YDbHHz9IRxqnU9vHobZsou61RtTTeCcWov+KLaa3msMwgztr6GrFmGRETkLaTbUU4fOajlHx4w=="],

    "ts-web-scraper": ["ts-web-scraper@0.1.1", "", { "bin": { "scraper": "dist/bin/cli.js" } }, "sha512-js+gSRe95yDD9U3+GmjvIKBYLAN9WoZKV84x7HcSI7dqdWEIoZSeSGR/Jbr8f5hCeV9FD70KdTPIS2LQwviQXQ=="],

    "typescript": ["typescript@5.9.3", "", { "bin": { "tsc": "bin/tsc", "tsserver": "bin/tsserver" } }, "sha512-jl1vZzPDinLr9eUt3J/t7V6FgNEw9QjvBPdysz9KfQDD41fQrC2Y4vKQdiaUpFT4bXlb1RHhLpp8wtm6M5TgSw=="],

    "undici-types": ["undici-types@7.18.2", "", {}, "sha512-AsuCzffGHJybSaRrmr5eHr81mwJU3kjw6M+uprWvCXiNeN9SOGwQ3Jn8jb8m3Z6izVgknn1R0FTCEAP2QrLY/w=="],

    "wrap-ansi": ["wrap-ansi@9.0.2", "", { "dependencies": { "ansi-styles": "^6.2.1", "string-width": "^7.0.0", "strip-ansi": "^7.1.0" } }, "sha512-42AtmgqjV+X1VpdOfyTGOYRi0/zsoLqtXQckTmqTeybT+BDIbM/Guxo7x3pE2vtpr1ok6xRqM9OpBe+Jyoqyww=="],

    "xml2js": ["xml2js@0.6.2", "", { "dependencies": { "sax": ">=0.6.0", "xmlbuilder": "~11.0.0" } }, "sha512-T4rieHaC1EXcES0Kxxj4JWgaUQHDk+qwHcYOCFHfiwKz7tOVPLq7Hjq9dM1WCMhylqMEfP7hMcOIChvotiZegA=="],

    "xmlbuilder": ["xmlbuilder@11.0.1", "", {}, "sha512-fDlsI/kFEx7gLvbecc0/ohLG50fugQp8ryHzMTuW9vSa1GJ0XYWKnhsUx7oie3G98+r56aTQIUB4kht42R3JvA=="],

    "yocto-queue": ["yocto-queue@1.2.2", "", {}, "sha512-4LCcse/U2MHZ63HAJVE+v71o7yOdIe4cZ70Wpf8D/IyjDKYQLV5GD46B+hSTjJsvV5PztjvHoU580EftxjDZFQ=="],

    "@stacksjs/ts-cloud/fast-xml-parser": ["fast-xml-parser@5.5.3", "", { "dependencies": { "fast-xml-builder": "^1.1.2", "path-expression-matcher": "^1.1.3", "strnum": "^2.1.2" }, "bin": { "fxparser": "src/cli/cli.js" } }, "sha512-Ymnuefk6VzAhT3SxLzVUw+nMio/wB1NGypHkgetwtXcK1JfryaHk4DWQFGVwQ9XgzyS5iRZ7C2ZGI4AMsdMZ6A=="],

    "xml2js/sax": ["sax@1.5.0", "", {}, "sha512-21IYA3Q5cQf089Z6tgaUTr7lDAyzoTPx5HRtbhsME8Udispad8dC/+sziTNugOEx54ilvatQ9YCzl4KQLPcRHA=="],

    "@stacksjs/ts-cloud/fast-xml-parser/fast-xml-builder": ["fast-xml-builder@1.1.2", "", { "dependencies": { "path-expression-matcher": "^1.1.3" } }, "sha512-NJAmiuVaJEjVa7TjLZKlYd7RqmzOC91EtPFXHvlTcqBVo50Qh7XV5IwvXi1c7NRz2Q/majGX9YLcwJtWgHjtkA=="],

    "@stacksjs/ts-cloud/fast-xml-parser/path-expression-matcher": ["path-expression-matcher@1.1.3", "", {}, "sha512-qdVgY8KXmVdJZRSS1JdEPOKPdTiEK/pi0RkcT2sw1RhXxohdujUlJFPuS1TSkevZ9vzd3ZlL7ULl1MHGTApKzQ=="],

    "@stacksjs/ts-cloud/fast-xml-parser/strnum": ["strnum@2.2.0", "", {}, "sha512-Y7Bj8XyJxnPAORMZj/xltsfo55uOiyHcU2tnAVzHUnSJR/KsEX+9RoDeXEnsXtl/CX4fAcrt64gZ13aGaWPeBg=="],
  }
}
